# This file is autogenerated, do not edit; changes may be undone by the next 'dep ensure'.


[[projects]]
  name = "github.com/mattn/go-runewidth"
  packages = ["."]
  revision = "9e777a8366cce605130a531d2cd6363d07ad7317"
  version = "v0.0.2"

[[projects]]
  branch = "master"
  name = "github.com/nsf/termbox-go"
  packages = ["."]
  revision = "88b7b944be8bc8d8ec6195fca97c5869ba20f99d"

[[projects]]
  branch = "master"
  name = "github.com/perlw/harle"
  packages = ["."]
  revision = "764c18c78bcfeab70bc9110d9ae3ab8c229e5cb5"

[solve-meta]
  analyzer-name = "dep"
  analyzer-version = 1
  inputs-digest = "6ae9f1cf749ccdd2d97d0c513c2ca685965da1ff8cea497cea2229a93b036c8a"
  solver-name = "gps-cdcl"
  solver-version = 1
